
Microsoft Visual Studio Solution File, Format Version 12.00
# Visual Studio Version 16
VisualStudioVersion = 16.0.31205.134
MinimumVisualStudioVersion = 10.0.40219.1
Project("{FAE04EC0-301F-11D3-BF4B-00C04F79EFBC}") = "DBSchema", "DBSchema\DBSchema\DBSchema.csproj", "{B11299B8-DBCC-4B49-A84E-3035A6AF6873}"
EndProject
Project("{9A19103F-16F7-4668-BE54-9A1E7A4F7556}") = "Domain", "Domain\Domain.csproj", "{D44B7581-C9EF-406F-8304-DE96CD2A9902}"
EndProject
Project("{9A19103F-16F7-4668-BE54-9A1E7A4F7556}") = "DataLayer.EFCore", "DataLayer.EFCore\DataLayer.EFCore.csproj", "{8589C883-E21D-4564-A724-C2722F79D0AB}"
EndProject
Project("{FAE04EC0-301F-11D3-BF4B-00C04F79EFBC}") = "BusinessLayer", "BusinessLayer\BusinessLayer.csproj", "{EAB36B65-484C-43C7-968A-6D4A8FDD11CB}"
EndProject
Global
	GlobalSection(SolutionConfigurationPlatforms) = preSolution
		Debug|Any CPU = Debug|Any CPU
		Release|Any CPU = Release|Any CPU
	EndGlobalSection
	GlobalSection(ProjectConfigurationPlatforms) = postSolution
		{B11299B8-DBCC-4B49-A84E-3035A6AF6873}.Debug|Any CPU.ActiveCfg = Debug|Any CPU
		{B11299B8-DBCC-4B49-A84E-3035A6AF6873}.Debug|Any CPU.Build.0 = Debug|Any CPU
		{B11299B8-DBCC-4B49-A84E-3035A6AF6873}.Release|Any CPU.ActiveCfg = Release|Any CPU
		{B11299B8-DBCC-4B49-A84E-3035A6AF6873}.Release|Any CPU.Build.0 = Release|Any CPU
		{D44B7581-C9EF-406F-8304-DE96CD2A9902}.Debug|Any CPU.ActiveCfg = Debug|Any CPU
		{D44B7581-C9EF-406F-8304-DE96CD2A9902}.Debug|Any CPU.Build.0 = Debug|Any CPU
		{D44B7581-C9EF-406F-8304-DE96CD2A9902}.Release|Any CPU.ActiveCfg = Release|Any CPU
		{D44B7581-C9EF-406F-8304-DE96CD2A9902}.Release|Any CPU.Build.0 = Release|Any CPU
		{8589C883-E21D-4564-A724-C2722F79D0AB}.Debug|Any CPU.ActiveCfg = Debug|Any CPU
		{8589C883-E21D-4564-A724-C2722F79D0AB}.Debug|Any CPU.Build.0 = Debug|Any CPU
		{8589C883-E21D-4564-A724-C2722F79D0AB}.Release|Any CPU.ActiveCfg = Release|Any CPU
		{8589C883-E21D-4564-A724-C2722F79D0AB}.Release|Any CPU.Build.0 = Release|Any CPU
		{EAB36B65-484C-43C7-968A-6D4A8FDD11CB}.Debug|Any CPU.ActiveCfg = Debug|Any CPU
		{EAB36B65-484C-43C7-968A-6D4A8FDD11CB}.Debug|Any CPU.Build.0 = Debug|Any CPU
		{EAB36B65-484C-43C7-968A-6D4A8FDD11CB}.Release|Any CPU.ActiveCfg = Release|Any CPU
		{EAB36B65-484C-43C7-968A-6D4A8FDD11CB}.Release|Any CPU.Build.0 = Release|Any CPU
	EndGlobalSection
	GlobalSection(SolutionProperties) = preSolution
		HideSolutionNode = FALSE
	EndGlobalSection
	GlobalSection(ExtensibilityGlobals) = postSolution
		SolutionGuid = {BA02955A-6C58-4141-BF9E-3688F4BD51A2}
	EndGlobalSection
EndGlobal
